// !$*UTF8*$!
{
	archiveVersion = 1;
	classes = {
	};
	objectVersion = 46;
	objects = {

/* Begin PBXBuildFile section */
		84C660EF1CB55A8F005D6174 /* main.m in Sources */ = {isa = PBXBuildFile; fileRef = 84C660EE1CB55A8F005D6174 /* main.m */; };
		84C660F21CB55A8F005D6174 /* AppDelegate.m in Sources */ = {isa = PBXBuildFile; fileRef = 84C660F11CB55A8F005D6174 /* AppDelegate.m */; };
		84C660F51CB55A8F005D6174 /* ViewController.m in Sources */ = {isa = PBXBuildFile; fileRef = 84C660F41CB55A8F005D6174 /* ViewController.m */; };
		84C660F81CB55A8F005D6174 /* Main.storyboard in Resources */ = {isa = PBXBuildFile; fileRef = 84C660F61CB55A8F005D6174 /* Main.storyboard */; };
		84C660FA1CB55A8F005D6174 /* Assets.xcassets in Resources */ = {isa = PBXBuildFile; fileRef = 84C660F91CB55A8F005D6174 /* Assets.xcassets */; };
		84C660FD1CB55A8F005D6174 /* LaunchScreen.storyboard in Resources */ = {isa = PBXBuildFile; fileRef = 84C660FB1CB55A8F005D6174 /* LaunchScreen.storyboard */; };
		84C661061CB55AC4005D6174 /* MainTableViewController.m in Sources */ = {isa = PBXBuildFile; fileRef = 84C661051CB55AC4005D6174 /* MainTableViewController.m */; };
/* End PBXBuildFile section */

/* Begin PBXFileReference section */
		84C660EA1CB55A8F005D6174 /* ToDoList.app */ = {isa = PBXFileReference; explicitFileType = wrapper.application; includeInIndex = 0; path = ToDoList.app; sourceTree = BUILT_PRODUCTS_DIR; };
		84C660EE1CB55A8F005D6174 /* main.m */ = {isa = PBXFileReference; lastKnownFileType = sourcecode.c.objc; path = main.m; sourceTree = "<group>"; };
		84C660F01CB55A8F005D6174 /* AppDelegate.h */ = {isa = PBXFileReference; lastKnownFileType = sourcecode.c.h; path = AppDelegate.h; sourceTree = "<group>"; };
		84C660F11CB55A8F005D6174 /* AppDelegate.m */ = {isa = PBXFileReference; lastKnownFileType = sourcecode.c.objc; path = AppDelegate.m; sourceTree = "<group>"; };
		84C660F31CB55A8F005D6174 /* ViewController.h */ = {isa = PBXFileReference; lastKnownFileType = sourcecode.c.h; path = ViewController.h; sourceTree = "<group>"; };
		84C660F41CB55A8F005D6174 /* ViewController.m */ = {isa = PBXFileReference; lastKnownFileType = sourcecode.c.objc; path = ViewController.m; sourceTree = "<group>"; };
		84C660F71CB55A8F005D6174 /* Base */ = {isa = PBXFileReference; lastKnownFileType = file.storyboard; name = Base; path = Base.lproj/Main.storyboard; sourceTree = "<group>"; };
		84C660F91CB55A8F005D6174 /* Assets.xcassets */ = {isa = PBXFileReference; lastKnownFileType = folder.assetcatalog; path = Assets.xcassets; sourceTree = "<group>"; };
		84C660FC1CB55A8F005D6174 /* Base */ = {isa = PBXFileReference; lastKnownFileType = file.storyboard; name = Base; path = Base.lproj/LaunchScreen.storyboard; sourceTree = "<group>"; };
		84C660FE1CB55A8F005D6174 /* Info.plist */ = {isa = PBXFileReference; lastKnownFileType = text.plist.xml; path = Info.plist; sourceTree = "<group>"; };
		84C661041CB55AC4005D6174 /* MainTableViewController.h */ = {isa = PBXFileReference; fileEncoding = 4; lastKnownFileType = sourcecode.c.h; path = MainTableViewController.h; sourceTree = "<group>"; };
		84C661051CB55AC4005D6174 /* MainTableViewController.m */ = {isa = PBXFileReference; fileEncoding = 4; lastKnownFileType = sourcecode.c.objc; path = MainTableViewController.m; sourceTree = "<group>"; };
/* End PBXFileReference section */

/* Begin PBXFrameworksBuildPhase section */
		84C660E71CB55A8F005D6174 /* Frameworks */ = {
			isa = PBXFrameworksBuildPhase;
			buildActionMask = 2147483647;
			files = (
			);
			runOnlyForDeploymentPostprocessing = 0;
		};
/* End PBXFrameworksBuildPhase section */

/* Begin PBXGroup section */
		84C660E11CB55A8F005D6174 = {
			isa = PBXGroup;
			children = (
				84C660EC1CB55A8F005D6174 /* ToDoList */,
				84C660EB1CB55A8F005D6174 /* Products */,
			);
			sourceTree = "<group>";
		};
		84C660EB1CB55A8F005D6174 /* Products */ = {
			isa = PBXGroup;
			children = (
				84C660EA1CB55A8F005D6174 /* ToDoList.app */,
			);
			name = Products;
			sourceTree = "<group>";
		};
		84C660EC1CB55A8F005D6174 /* ToDoList */ = {
			isa = PBXGroup;
			children = (
				84C660F01CB55A8F005D6174 /* AppDelegate.h */,
				84C660F11CB55A8F005D6174 /* AppDelegate.m */,
				84C660F31CB55A8F005D6174 /* ViewController.h */,
				84C660F41CB55A8F005D6174 /* ViewController.m */,
				84C660F61CB55A8F005D6174 /* Main.storyboard */,
				84C660F91CB55A8F005D6174 /* Assets.xcassets */,
				84C660FB1CB55A8F005D6174 /* LaunchScreen.storyboard */,
				84C660FE1CB55A8F005D6174 /* Info.plist */,
				84C661041CB55AC4005D6174 /* MainTableViewController.h */,
				84C661051CB55AC4005D6174 /* MainTableViewController.m */,
				84C660ED1CB55A8F005D6174 /* Supporting Files */,
			);
			path = ToDoList;
			sourceTree = "<group>";
		};
		84C660ED1CB55A8F005D6174 /* Supporting Files */ = {
			isa = PBXGroup;
			children = (
				84C660EE1CB55A8F005D6174 /* main.m */,
			);
			name = "Supporting Files";
			sourceTree = "<group>";
		};
/* End PBXGroup section */

/* Begin PBXNativeTarget section */
		84C660E91CB55A8F005D6174 /* ToDoList */ = {
			isa = PBXNativeTarget;
			buildConfigurationList = 84C661011CB55A8F005D6174 /* Build configuration list for PBXNativeTarget "ToDoList" */;
			buildPhases = (
				84C660E61CB55A8F005D6174 /* Sources */,
				84C660E71CB55A8F005D6174 /* Frameworks */,
				84C660E81CB55A8F005D6174 /* Resources */,
			);
			buildRules = (
			);
			dependencies = (
			);
			name = ToDoList;
			productName = ToDoList;
			productReference = 84C660EA1CB55A8F005D6174 /* ToDoList.app */;
			productType = "com.apple.product-type.application";
		};
/* End PBXNativeTarget section */

/* Begin PBXProject section */
		84C660E21CB55A8F005D6174 /* Project object */ = {
			isa = PBXProject;
			attributes = {
				LastUpgradeCheck = 0720;
				ORGANIZATIONNAME = "Ehlakov Victor";
				TargetAttributes = {
					84C660E91CB55A8F005D6174 = {
						CreatedOnToolsVersion = 7.2;
					};
				};
			};
			buildConfigurationList = 84C660E51CB55A8F005D6174 /* Build configuration list for PBXProject "ToDoList" */;
			compatibilityVersion = "Xcode 3.2";
			developmentRegion = English;
			hasScannedForEncodings = 0;
			knownRegions = (
				en,
				Base,
			);
			mainGroup = 84C660E11CB55A8F005D6174;
			productRefGroup = 84C660EB1CB55A8F005D6174 /* Products */;
			projectDirPath = "";
			projectRoot = "";
			targets = (
				84C660E91CB55A8F005D6174 /* ToDoList */,
			);
		};
/* End PBXProject section */

/* Begin PBXResourcesBuildPhase section */
		84C660E81CB55A8F005D6174 /* Resources */ = {
			isa = PBXResourcesBuildPhase;
			buildActionMask = 2147483647;
			files = (
				84C660FD1CB55A8F005D6174 /* LaunchScreen.storyboard in Resources */,
				84C660FA1CB55A8F005D6174 /* Assets.xcassets in Resources */,
				84C660F81CB55A8F005D6174 /* Main.storyboard in Resources */,
			);
			runOnlyForDeploymentPostprocessing = 0;
		};
/* End PBXResourcesBuildPhase section */

/* Begin PBXSourcesBuildPhase section */
		84C660E61CB55A8F005D6174 /* Sources */ = {
			isa = PBXSourcesBuildPhase;
			buildActionMask = 2147483647;
			files = (
				84C661061CB55AC4005D6174 /* MainTableViewController.m in Sources */,
				84C660F51CB55A8F005D6174 /* ViewController.m in Sources */,
				84C660F21CB55A8F005D6174 /* AppDelegate.m in Sources */,
				84C660EF1CB55A8F005D6174 /* main.m in Sources */,
			);
			runOnlyForDeploymentPostprocessing = 0;
		};
/* End PBXSourcesBuildPhase section */

/* Begin PBXVariantGroup section */
		84C660F61CB55A8F005D6174 /* Main.storyboard */ = {
			isa = PBXVariantGroup;
			children = (
				84C660F71CB55A8F005D6174 /* Base */,
			);
			name = Main.storyboard;
			sourceTree = "<group>";
		};
		84C660FB1CB55A8F005D6174 /* LaunchScreen.storyboard */ = {
			isa = PBXVariantGroup;
			children = (
				84C660FC1CB55A8F005D6174 /* Base */,
			);
			name = LaunchScreen.storyboard;
			sourceTree = "<group>";
		};
/* End PBXVariantGroup section */

/* Begin XCBuildConfiguration section */
		84C660FF1CB55A8F005D6174 /* Debug */ = {
			isa = XCBuildConfiguration;
			buildSettings = {
				ALWAYS_SEARCH_USER_PATHS = NO;
				CLANG_CXX_LANGUAGE_STANDARD = "gnu++0x";
				CLANG_CXX_LIBRARY = "libc++";
				CLANG_ENABLE_MODULES = YES;
				CLANG_ENABLE_OBJC_ARC = YES;
				CLANG_WARN_BOOL_CONVERSION = YES;
				CLANG_WARN_CONSTANT_CONVERSION = YES;
				CLANG_WARN_DIRECT_OBJC_ISA_USAGE = YES_ERROR;
				CLANG_WARN_EMPTY_BODY = YES;
				CLANG_WARN_ENUM_CONVERSION = YES;
				CLANG_WARN_INT_CONVERSION = YES;
				CLANG_WARN_OBJC_ROOT_CLASS = YES_ERROR;
				CLANG_WARN_UNREACHABLE_CODE = YES;
				CLANG_WARN__DUPLICATE_METHOD_MATCH = YES;
				"CODE_SIGN_IDENTITY[sdk=iphoneos*]" = "iPhone Developer";
				COPY_PHASE_STRIP = NO;
				DEBUG_INFORMATION_FORMAT = dwarf;
				ENABLE_STRICT_OBJC_MSGSEND = YES;
				ENABLE_TESTABILITY = YES;
				GCC_C_LANGUAGE_STANDARD = gnu99;
				GCC_DYNAMIC_NO_PIC = NO;
				GCC_NO_COMMON_BLOCKS = YES;
				GCC_OPTIMIZATION_LEVEL = 0;
				GCC_PREPROCESSOR_DEFINITIONS = (
					"DEBUG=1",
					"$(inherited)",
				);
				GCC_WARN_64_TO_32_BIT_CONVERSION = YES;
				GCC_WARN_ABOUT_RETURN_TYPE = YES_ERROR;
				GCC_WARN_UNDECLARED_SELECTOR = YES;
				GCC_WARN_UNINITIALIZED_AUTOS = YES_AGGRESSIVE;
				GCC_WARN_UNUSED_FUNCTION = YES;
				GCC_WARN_UNUSED_VARIABLE = YES;
				IPHONEOS_DEPLOYMENT_TARGET = 9.2;
				MTL_ENABLE_DEBUG_INFO = YES;
				ONLY_ACTIVE_ARCH = YES;
				SDKROOT = iphoneos;
			};
			name = Debug;
		};
		84C661001CB55A8F005D6174 /* Release */ = {
			isa = XCBuildConfiguration;
			buildSettings = {
				ALWAYS_SEARCH_USER_PATHS = NO;
				CLANG_CXX_LANGUAGE_STANDARD = "gnu++0x";
				CLANG_CXX_LIBRARY = "libc++";
				CLANG_ENABLE_MODULES = YES;
				CLANG_ENABLE_OBJC_ARC = YES;
				CLANG_WARN_BOOL_CONVERSION = YES;
				CLANG_WARN_CONSTANT_CONVERSION = YES;
				CLANG_WARN_DIRECT_OBJC_ISA_USAGE = YES_ERROR;
				CLANG_WARN_EMPTY_BODY = YES;
				CLANG_WARN_ENUM_CONVERSION = YES;
				CLANG_WARN_INT_CONVERSION = YES;
				CLANG_WARN_OBJC_ROOT_CLASS = YES_ERROR;
				CLANG_WARN_UNREACHABLE_CODE = YES;
				CLANG_WARN__DUPLICATE_METHOD_MATCH = YES;
				"CODE_SIGN_IDENTITY[sdk=iphoneos*]" = "iPhone Developer";
				COPY_PHASE_STRIP = NO;
				DEBUG_INFORMATION_FORMAT = "dwarf-with-dsym";
				ENABLE_NS_ASSERTIONS = NO;
				ENABLE_STRICT_OBJC_MSGSEND = YES;
				GCC_C_LANGUAGE_STANDARD = gnu99;
				GCC_NO_COMMON_BLOCKS = YES;
				GCC_WARN_64_TO_32_BIT_CONVERSION = YES;
				GCC_WARN_ABOUT_RETURN_TYPE = YES_ERROR;
				GCC_WARN_UNDECLARED_SELECTOR = YES;
				GCC_WARN_UNINITIALIZED_AUTOS = YES_AGGRESSIVE;
				GCC_WARN_UNUSED_FUNCTION = YES;
				GCC_WARN_UNUSED_VARIABLE = YES;
				IPHONEOS_DEPLOYMENT_TARGET = 9.2;
				MTL_ENABLE_DEBUG_INFO = NO;
				SDKROOT = iphoneos;
				VALIDATE_PRODUCT = YES;
			};
			name = Release;
		};
		84C661021CB55A8F005D6174 /* Debug */ = {
			isa = XCBuildConfiguration;
			buildSettings = {
				ASSETCATALOG_COMPILER_APPICON_NAME = AppIcon;
				INFOPLIST_FILE = ToDoList/Info.plist;
				LD_RUNPATH_SEARCH_PATHS = "$(inherited) @executable_path/Frameworks";
				PRODUCT_BUNDLE_IDENTIFIER = EVA.ToDoList;
				PRODUCT_NAME = "$(TARGET_NAME)";
			};
			name = Debug;
		};
		84C661031CB55A8F005D6174 /* Release */ = {
			isa = XCBuildConfiguration;
			buildSettings = {
				ASSETCATALOG_COMPILER_APPICON_NAME = AppIcon;
				INFOPLIST_FILE = ToDoList/Info.plist;
				LD_RUNPATH_SEARCH_PATHS = "$(inherited) @executable_path/Frameworks";
				PRODUCT_BUNDLE_IDENTIFIER = EVA.ToDoList;
				PRODUCT_NAME = "$(TARGET_NAME)";
			};
			name = Release;
		};
/* End XCBuildConfiguration section */

/* Begin XCConfigurationList section */
		84C660E51CB55A8F005D6174 /* Build configuration list for PBXProject "ToDoList" */ = {
			isa = XCConfigurationList;
			buildConfigurations = (
				84C660FF1CB55A8F005D6174 /* Debug */,
				84C661001CB55A8F005D6174 /* Release */,
			);
			defaultConfigurationIsVisible = 0;
			defaultConfigurationName = Release;
		};
		84C661011CB55A8F005D6174 /* Build configuration list for PBXNativeTarget "ToDoList" */ = {
			isa = XCConfigurationList;
			buildConfigurations = (
				84C661021CB55A8F005D6174 /* Debug */,
				84C661031CB55A8F005D6174 /* Release */,
			);
			defaultConfigurationIsVisible = 0;
		};
/* End XCConfigurationList section */
	};
	rootObject = 84C660E21CB55A8F005D6174 /* Project object */;
}
